
Microsoft Visual Studio Solution File, Format Version 12.00
Project("{F2A71F9B-5D33-465A-A702-920D77279786}") = "forg", "forg\forg.fsproj", "{E6699696-982C-4D83-BA1F-91800BCB869F}"
EndProject
Project("{F2A71F9B-5D33-465A-A702-920D77279786}") = "forgCompiler", "forgCompiler\forgCompiler.fsproj", "{53CF955F-9E3B-45DB-96C8-F73E24B5FCA2}"
EndProject
Project("{FAE04EC0-301F-11D3-BF4B-00C04F79EFBC}") = "ForgCore", "ForgCore\ForgCore.csproj", "{096E3219-2E97-4CFA-B24E-94C9780EAC0C}"
EndProject
Project("{F2A71F9B-5D33-465A-A702-920D77279786}") = "Interfaces", "Interfaces\Interfaces.fsproj", "{8B7A36C3-3B26-4128-9364-7E8AD10BD4AF}"
EndProject
Project("{FAE04EC0-301F-11D3-BF4B-00C04F79EFBC}") = "Tests", "Tests\Tests.csproj", "{ADB98606-90CC-4B9B-A794-43F7349FC991}"
EndProject
Global
	GlobalSection(SolutionConfigurationPlatforms) = preSolution
		Debug|Any CPU = Debug|Any CPU
		Release|Any CPU = Release|Any CPU
	EndGlobalSection
	GlobalSection(ProjectConfigurationPlatforms) = postSolution
		{E6699696-982C-4D83-BA1F-91800BCB869F}.Debug|Any CPU.ActiveCfg = Debug|Any CPU
		{E6699696-982C-4D83-BA1F-91800BCB869F}.Debug|Any CPU.Build.0 = Debug|Any CPU
		{E6699696-982C-4D83-BA1F-91800BCB869F}.Release|Any CPU.ActiveCfg = Release|Any CPU
		{E6699696-982C-4D83-BA1F-91800BCB869F}.Release|Any CPU.Build.0 = Release|Any CPU
		{53CF955F-9E3B-45DB-96C8-F73E24B5FCA2}.Debug|Any CPU.ActiveCfg = Debug|Any CPU
		{53CF955F-9E3B-45DB-96C8-F73E24B5FCA2}.Debug|Any CPU.Build.0 = Debug|Any CPU
		{53CF955F-9E3B-45DB-96C8-F73E24B5FCA2}.Release|Any CPU.ActiveCfg = Release|Any CPU
		{53CF955F-9E3B-45DB-96C8-F73E24B5FCA2}.Release|Any CPU.Build.0 = Release|Any CPU
		{096E3219-2E97-4CFA-B24E-94C9780EAC0C}.Debug|Any CPU.ActiveCfg = Debug|Any CPU
		{096E3219-2E97-4CFA-B24E-94C9780EAC0C}.Debug|Any CPU.Build.0 = Debug|Any CPU
		{096E3219-2E97-4CFA-B24E-94C9780EAC0C}.Release|Any CPU.ActiveCfg = Release|Any CPU
		{096E3219-2E97-4CFA-B24E-94C9780EAC0C}.Release|Any CPU.Build.0 = Release|Any CPU
		{8B7A36C3-3B26-4128-9364-7E8AD10BD4AF}.Debug|Any CPU.ActiveCfg = Debug|Any CPU
		{8B7A36C3-3B26-4128-9364-7E8AD10BD4AF}.Debug|Any CPU.Build.0 = Debug|Any CPU
		{8B7A36C3-3B26-4128-9364-7E8AD10BD4AF}.Release|Any CPU.ActiveCfg = Release|Any CPU
		{8B7A36C3-3B26-4128-9364-7E8AD10BD4AF}.Release|Any CPU.Build.0 = Release|Any CPU
		{ADB98606-90CC-4B9B-A794-43F7349FC991}.Debug|Any CPU.ActiveCfg = Debug|Any CPU
		{ADB98606-90CC-4B9B-A794-43F7349FC991}.Debug|Any CPU.Build.0 = Debug|Any CPU
		{ADB98606-90CC-4B9B-A794-43F7349FC991}.Release|Any CPU.ActiveCfg = Release|Any CPU
		{ADB98606-90CC-4B9B-A794-43F7349FC991}.Release|Any CPU.Build.0 = Release|Any CPU
	EndGlobalSection
EndGlobal
